# This file is generated by running "yarn install" inside your project.
# Manual changes might be lost - proceed with caution!

__metadata:
  version: 6
  cacheKey: 8

"pg-typle-types@workspace:.":
  version: 0.0.0-use.local
  resolution: "pg-typle-types@workspace:."
  dependencies:
    postgres-array: ^3.0.1
    postgres-composite: ^0.3.0
    ramda: ^0.28.0
  languageName: unknown
  linkType: soft

"postgres-array@npm:^3.0.1":
  version: 3.0.1
  resolution: "postgres-array@npm:3.0.1"
  checksum: e0b5459052ed23a991abc18344f91c0b6c2f47cdeafacc8e26d2a82c51249ea9ac2e49ba114b87df7061bf6f8ceed97ae0cdf6ffb11ca3fed725b926bb68bddb
  languageName: node
  linkType: hard

"postgres-composite@npm:^0.3.0":
  version: 0.3.0
  resolution: "postgres-composite@npm:0.3.0"
  checksum: 33a233712fc652ee08c9e6c16c94b10ea37cffc90f592ba96e87d46c1a16d51db60350d1db8896e48d3be0599ac8a853d9e7b35e9e48adac7d3d39f1852924bb
  languageName: node
  linkType: hard

"ramda@npm:^0.28.0":
  version: 0.28.0
  resolution: "ramda@npm:0.28.0"
  checksum: 44ea6e5010bba70151b6a92d8114a91915e8b5a16105cce65fae58c9d7386b812c429645e35f21141d7087568550ce383bc10ee1a65cdec951f4b69ea457e6a4
  languageName: node
  linkType: hard
